
Microsoft Visual Studio Solution File, Format Version 12.00
# Visual Studio Version 16
VisualStudioVersion = 16.0.31424.327
MinimumVisualStudioVersion = 10.0.40219.1
Project("{9A19103F-16F7-4668-BE54-9A1E7A4F7556}") = "WaterRationingBackend", "WaterRationingBackend\WaterRationingBackend.csproj", "{7969D0FC-58AD-4A95-ACFC-7C86098FC589}"
EndProject
Project("{9A19103F-16F7-4668-BE54-9A1E7A4F7556}") = "WaterRationingBackend.Services", "WaterRationingBackend.Services\WaterRationingBackend.Services.csproj", "{BEEF58F9-754A-45D1-9D7E-B5E5ABB79681}"
EndProject
Project("{9A19103F-16F7-4668-BE54-9A1E7A4F7556}") = "WaterRationingBackend.Entities", "WaterRationingBackend.Entities\WaterRationingBackend.Entities.csproj", "{ACF953B0-81B2-462C-9681-A456D5EA64DC}"
EndProject
Project("{9A19103F-16F7-4668-BE54-9A1E7A4F7556}") = "WaterRationingBackend.DataAccess", "WaterRationingBackend.DataAccess\WaterRationingBackend.DataAccess.csproj", "{5422F06E-B626-4563-A142-916BEEACBF30}"
EndProject
Project("{9A19103F-16F7-4668-BE54-9A1E7A4F7556}") = "Helper", "Helper\Helper.csproj", "{667FAA02-618A-4158-A7D8-506E642DBEBF}"
EndProject
Global
	GlobalSection(SolutionConfigurationPlatforms) = preSolution
		Debug|Any CPU = Debug|Any CPU
		Release|Any CPU = Release|Any CPU
	EndGlobalSection
	GlobalSection(ProjectConfigurationPlatforms) = postSolution
		{7969D0FC-58AD-4A95-ACFC-7C86098FC589}.Debug|Any CPU.ActiveCfg = Debug|Any CPU
		{7969D0FC-58AD-4A95-ACFC-7C86098FC589}.Debug|Any CPU.Build.0 = Debug|Any CPU
		{7969D0FC-58AD-4A95-ACFC-7C86098FC589}.Release|Any CPU.ActiveCfg = Release|Any CPU
		{7969D0FC-58AD-4A95-ACFC-7C86098FC589}.Release|Any CPU.Build.0 = Release|Any CPU
		{BEEF58F9-754A-45D1-9D7E-B5E5ABB79681}.Debug|Any CPU.ActiveCfg = Debug|Any CPU
		{BEEF58F9-754A-45D1-9D7E-B5E5ABB79681}.Debug|Any CPU.Build.0 = Debug|Any CPU
		{BEEF58F9-754A-45D1-9D7E-B5E5ABB79681}.Release|Any CPU.ActiveCfg = Release|Any CPU
		{BEEF58F9-754A-45D1-9D7E-B5E5ABB79681}.Release|Any CPU.Build.0 = Release|Any CPU
		{ACF953B0-81B2-462C-9681-A456D5EA64DC}.Debug|Any CPU.ActiveCfg = Debug|Any CPU
		{ACF953B0-81B2-462C-9681-A456D5EA64DC}.Debug|Any CPU.Build.0 = Debug|Any CPU
		{ACF953B0-81B2-462C-9681-A456D5EA64DC}.Release|Any CPU.ActiveCfg = Release|Any CPU
		{ACF953B0-81B2-462C-9681-A456D5EA64DC}.Release|Any CPU.Build.0 = Release|Any CPU
		{5422F06E-B626-4563-A142-916BEEACBF30}.Debug|Any CPU.ActiveCfg = Debug|Any CPU
		{5422F06E-B626-4563-A142-916BEEACBF30}.Debug|Any CPU.Build.0 = Debug|Any CPU
		{5422F06E-B626-4563-A142-916BEEACBF30}.Release|Any CPU.ActiveCfg = Release|Any CPU
		{5422F06E-B626-4563-A142-916BEEACBF30}.Release|Any CPU.Build.0 = Release|Any CPU
		{667FAA02-618A-4158-A7D8-506E642DBEBF}.Debug|Any CPU.ActiveCfg = Debug|Any CPU
		{667FAA02-618A-4158-A7D8-506E642DBEBF}.Debug|Any CPU.Build.0 = Debug|Any CPU
		{667FAA02-618A-4158-A7D8-506E642DBEBF}.Release|Any CPU.ActiveCfg = Release|Any CPU
		{667FAA02-618A-4158-A7D8-506E642DBEBF}.Release|Any CPU.Build.0 = Release|Any CPU
	EndGlobalSection
	GlobalSection(SolutionProperties) = preSolution
		HideSolutionNode = FALSE
	EndGlobalSection
	GlobalSection(ExtensibilityGlobals) = postSolution
		SolutionGuid = {32FE6427-2072-4CFF-91F4-B8E390811410}
	EndGlobalSection
EndGlobal
